// !$*UTF8*$!
{
	archiveVersion = 1;
	classes = {
	};
	objectVersion = 46;
	objects = {

/* Begin PBXBuildFile section */
		831EC89E1C688824005DCD88 /* ATCOTPDigitLayer.m in Sources */ = {isa = PBXBuildFile; fileRef = 831EC89D1C688824005DCD88 /* ATCOTPDigitLayer.m */; settings = {ASSET_TAGS = (); }; };
		831EC8A01C688830005DCD88 /* QuartzCore.framework in Frameworks */ = {isa = PBXBuildFile; fileRef = 831EC89F1C688830005DCD88 /* QuartzCore.framework */; };
		8324B1A01C67073900153EC7 /* ATCAppDelegate.m in Sources */ = {isa = PBXBuildFile; fileRef = 8324B19F1C67073900153EC7 /* ATCAppDelegate.m */; };
		8324B1A31C67073900153EC7 /* main.m in Sources */ = {isa = PBXBuildFile; fileRef = 8324B1A21C67073900153EC7 /* main.m */; };
		8324B1A61C67073900153EC7 /* ATCMainContentViewController.m in Sources */ = {isa = PBXBuildFile; fileRef = 8324B1A51C67073900153EC7 /* ATCMainContentViewController.m */; };
		8324B1A81C67073900153EC7 /* Assets.xcassets in Resources */ = {isa = PBXBuildFile; fileRef = 8324B1A71C67073900153EC7 /* Assets.xcassets */; };
		8324B1AB1C67073900153EC7 /* ATCMain.storyboard in Resources */ = {isa = PBXBuildFile; fileRef = 8324B1A91C67073900153EC7 /* ATCMain.storyboard */; };
		8324B1B61C67073A00153EC7 /* AuthenticatorTests.m in Sources */ = {isa = PBXBuildFile; fileRef = 8324B1B51C67073A00153EC7 /* AuthenticatorTests.m */; };
		8324B1C11C67073A00153EC7 /* AuthenticatorUITests.m in Sources */ = {isa = PBXBuildFile; fileRef = 8324B1C01C67073A00153EC7 /* AuthenticatorUITests.m */; };
		833960171C670C73007241D9 /* ATCMainWindow.m in Sources */ = {isa = PBXBuildFile; fileRef = 833960161C670C73007241D9 /* ATCMainWindow.m */; settings = {ASSET_TAGS = (); }; };
		8339601A1C670CBB007241D9 /* ATCMainWindowController.m in Sources */ = {isa = PBXBuildFile; fileRef = 833960191C670CBB007241D9 /* ATCMainWindowController.m */; settings = {ASSET_TAGS = (); }; };
		8339601D1C670D96007241D9 /* ATCMainContentView.m in Sources */ = {isa = PBXBuildFile; fileRef = 8339601C1C670D96007241D9 /* ATCMainContentView.m */; settings = {ASSET_TAGS = (); }; };
		8373D8661C671D7300A11E31 /* ALView+PureLayout.m in Sources */ = {isa = PBXBuildFile; fileRef = 8373D85E1C671D7300A11E31 /* ALView+PureLayout.m */; settings = {ASSET_TAGS = (); }; };
		8373D8671C671D7300A11E31 /* NSArray+PureLayout.m in Sources */ = {isa = PBXBuildFile; fileRef = 8373D8601C671D7300A11E31 /* NSArray+PureLayout.m */; settings = {ASSET_TAGS = (); }; };
		8373D8681C671D7300A11E31 /* NSLayoutConstraint+PureLayout.m in Sources */ = {isa = PBXBuildFile; fileRef = 8373D8621C671D7300A11E31 /* NSLayoutConstraint+PureLayout.m */; settings = {ASSET_TAGS = (); }; };
		8373D87A1C67494300A11E31 /* NSColor+ATCExtensions.m in Sources */ = {isa = PBXBuildFile; fileRef = 8373D8741C67494300A11E31 /* NSColor+ATCExtensions.m */; settings = {ASSET_TAGS = (); }; };
		8373D87B1C67494300A11E31 /* NSBezierPath+ATCExtensions.m in Sources */ = {isa = PBXBuildFile; fileRef = 8373D8761C67494300A11E31 /* NSBezierPath+ATCExtensions.m */; settings = {ASSET_TAGS = (); }; };
		8373D87C1C67494300A11E31 /* NSAffineTransform+ATCExtensions.m in Sources */ = {isa = PBXBuildFile; fileRef = 8373D8781C67494300A11E31 /* NSAffineTransform+ATCExtensions.m */; settings = {ASSET_TAGS = (); }; };
		8373D87F1C67537500A11E31 /* ATCOTPBadgeView.m in Sources */ = {isa = PBXBuildFile; fileRef = 8373D87D1C67537500A11E31 /* ATCOTPBadgeView.m */; settings = {ASSET_TAGS = (); }; };
		8373D88E1C67548C00A11E31 /* AGBase32.m in Sources */ = {isa = PBXBuildFile; fileRef = 8373D8851C67548C00A11E31 /* AGBase32.m */; settings = {ASSET_TAGS = (); }; };
		8373D88F1C67548C00A11E31 /* AGClock.m in Sources */ = {isa = PBXBuildFile; fileRef = 8373D8871C67548C00A11E31 /* AGClock.m */; settings = {ASSET_TAGS = (); }; };
		8373D8901C67548C00A11E31 /* AGOtp.m in Sources */ = {isa = PBXBuildFile; fileRef = 8373D8891C67548C00A11E31 /* AGOtp.m */; settings = {ASSET_TAGS = (); }; };
		8373D8911C67548C00A11E31 /* AGStringEncoding.m in Sources */ = {isa = PBXBuildFile; fileRef = 8373D88B1C67548C00A11E31 /* AGStringEncoding.m */; settings = {ASSET_TAGS = (); }; };
		8373D8921C67548C00A11E31 /* AGTotp.m in Sources */ = {isa = PBXBuildFile; fileRef = 8373D88D1C67548C00A11E31 /* AGTotp.m */; settings = {ASSET_TAGS = (); }; };
		8373D8B51C697D4D00A11E31 /* ATCBeautifulWindow.m in Sources */ = {isa = PBXBuildFile; fileRef = 8373D8B41C697D4D00A11E31 /* ATCBeautifulWindow.m */; settings = {ASSET_TAGS = (); }; };
		8373D8B81C697D8D00A11E31 /* ATCSecretKeyManuallyInputWindow.m in Sources */ = {isa = PBXBuildFile; fileRef = 8373D8B71C697D8D00A11E31 /* ATCSecretKeyManuallyInputWindow.m */; settings = {ASSET_TAGS = (); }; };
		8373D8BB1C697E0500A11E31 /* ATCBeautifulView.m in Sources */ = {isa = PBXBuildFile; fileRef = 8373D8BA1C697E0500A11E31 /* ATCBeautifulView.m */; settings = {ASSET_TAGS = (); }; };
		8373D8BE1C697E2600A11E31 /* ATCSecretKeyManuallyInputView.m in Sources */ = {isa = PBXBuildFile; fileRef = 8373D8BD1C697E2600A11E31 /* ATCSecretKeyManuallyInputView.m */; settings = {ASSET_TAGS = (); }; };
		8373D8C11C69801900A11E31 /* ATCSecretKeyManuallyInputViewController.m in Sources */ = {isa = PBXBuildFile; fileRef = 8373D8C01C69801900A11E31 /* ATCSecretKeyManuallyInputViewController.m */; settings = {ASSET_TAGS = (); }; };
		8373D8C41C69805200A11E31 /* ATCSecretKeyManuallyInputWindowController.m in Sources */ = {isa = PBXBuildFile; fileRef = 8373D8C31C69805200A11E31 /* ATCSecretKeyManuallyInputWindowController.m */; settings = {ASSET_TAGS = (); }; };
		8373D8C71C6A322900A11E31 /* ATCConstants.m in Sources */ = {isa = PBXBuildFile; fileRef = 8373D8C61C6A322900A11E31 /* ATCConstants.m */; settings = {ASSET_TAGS = (); }; };
		83D34BF91C67145B007253E3 /* ATCOTPEntryTableCellView.m in Sources */ = {isa = PBXBuildFile; fileRef = 83D34BF81C67145B007253E3 /* ATCOTPEntryTableCellView.m */; settings = {ASSET_TAGS = (); }; };
		83D34BFC1C67148A007253E3 /* ATCTotpEntry.m in Sources */ = {isa = PBXBuildFile; fileRef = 83D34BFB1C67148A007253E3 /* ATCTotpEntry.m */; settings = {ASSET_TAGS = (); }; };
/* End PBXBuildFile section */

/* Begin PBXContainerItemProxy section */
		8324B1B21C67073A00153EC7 /* PBXContainerItemProxy */ = {
			isa = PBXContainerItemProxy;
			containerPortal = 8324B1931C67073900153EC7 /* Project object */;
			proxyType = 1;
			remoteGlobalIDString = 8324B19A1C67073900153EC7;
			remoteInfo = Authenticator;
		};
		8324B1BD1C67073A00153EC7 /* PBXContainerItemProxy */ = {
			isa = PBXContainerItemProxy;
			containerPortal = 8324B1931C67073900153EC7 /* Project object */;
			proxyType = 1;
			remoteGlobalIDString = 8324B19A1C67073900153EC7;
			remoteInfo = Authenticator;
		};
/* End PBXContainerItemProxy section */

/* Begin PBXFileReference section */
		831EC89C1C688824005DCD88 /* ATCOTPDigitLayer.h */ = {isa = PBXFileReference; fileEncoding = 4; lastKnownFileType = sourcecode.c.h; path = ATCOTPDigitLayer.h; sourceTree = "<group>"; };
		831EC89D1C688824005DCD88 /* ATCOTPDigitLayer.m */ = {isa = PBXFileReference; fileEncoding = 4; lastKnownFileType = sourcecode.c.objc; path = ATCOTPDigitLayer.m; sourceTree = "<group>"; };
		831EC89F1C688830005DCD88 /* QuartzCore.framework */ = {isa = PBXFileReference; lastKnownFileType = wrapper.framework; name = QuartzCore.framework; path = System/Library/Frameworks/QuartzCore.framework; sourceTree = SDKROOT; };
		8324B19B1C67073900153EC7 /* Authenticator.app */ = {isa = PBXFileReference; explicitFileType = wrapper.application; includeInIndex = 0; path = Authenticator.app; sourceTree = BUILT_PRODUCTS_DIR; };
		8324B19E1C67073900153EC7 /* ATCAppDelegate.h */ = {isa = PBXFileReference; lastKnownFileType = sourcecode.c.h; path = ATCAppDelegate.h; sourceTree = "<group>"; };
		8324B19F1C67073900153EC7 /* ATCAppDelegate.m */ = {isa = PBXFileReference; lastKnownFileType = sourcecode.c.objc; path = ATCAppDelegate.m; sourceTree = "<group>"; };
		8324B1A21C67073900153EC7 /* main.m */ = {isa = PBXFileReference; lastKnownFileType = sourcecode.c.objc; path = main.m; sourceTree = "<group>"; };
		8324B1A41C67073900153EC7 /* ATCMainContentViewController.h */ = {isa = PBXFileReference; lastKnownFileType = sourcecode.c.h; path = ATCMainContentViewController.h; sourceTree = "<group>"; };
		8324B1A51C67073900153EC7 /* ATCMainContentViewController.m */ = {isa = PBXFileReference; lastKnownFileType = sourcecode.c.objc; path = ATCMainContentViewController.m; sourceTree = "<group>"; };
		8324B1A71C67073900153EC7 /* Assets.xcassets */ = {isa = PBXFileReference; lastKnownFileType = folder.assetcatalog; path = Assets.xcassets; sourceTree = "<group>"; };
		8324B1AA1C67073900153EC7 /* Base */ = {isa = PBXFileReference; lastKnownFileType = file.storyboard; name = Base; path = Base.lproj/ATCMain.storyboard; sourceTree = "<group>"; };
		8324B1AC1C67073900153EC7 /* Info.plist */ = {isa = PBXFileReference; lastKnownFileType = text.plist.xml; path = Info.plist; sourceTree = "<group>"; };
		8324B1B11C67073A00153EC7 /* AuthenticatorTests.xctest */ = {isa = PBXFileReference; explicitFileType = wrapper.cfbundle; includeInIndex = 0; path = AuthenticatorTests.xctest; sourceTree = BUILT_PRODUCTS_DIR; };
		8324B1B51C67073A00153EC7 /* AuthenticatorTests.m */ = {isa = PBXFileReference; lastKnownFileType = sourcecode.c.objc; path = AuthenticatorTests.m; sourceTree = "<group>"; };
		8324B1B71C67073A00153EC7 /* Info.plist */ = {isa = PBXFileReference; lastKnownFileType = text.plist.xml; path = Info.plist; sourceTree = "<group>"; };
		8324B1BC1C67073A00153EC7 /* AuthenticatorUITests.xctest */ = {isa = PBXFileReference; explicitFileType = wrapper.cfbundle; includeInIndex = 0; path = AuthenticatorUITests.xctest; sourceTree = BUILT_PRODUCTS_DIR; };
		8324B1C01C67073A00153EC7 /* AuthenticatorUITests.m */ = {isa = PBXFileReference; lastKnownFileType = sourcecode.c.objc; path = AuthenticatorUITests.m; sourceTree = "<group>"; };
		8324B1C21C67073A00153EC7 /* Info.plist */ = {isa = PBXFileReference; lastKnownFileType = text.plist.xml; path = Info.plist; sourceTree = "<group>"; };
		8324B1CE1C67074800153EC7 /* Authenticator.entitlements */ = {isa = PBXFileReference; lastKnownFileType = text.xml; path = Authenticator.entitlements; sourceTree = "<group>"; };
		833960151C670C73007241D9 /* ATCMainWindow.h */ = {isa = PBXFileReference; fileEncoding = 4; lastKnownFileType = sourcecode.c.h; path = ATCMainWindow.h; sourceTree = "<group>"; };
		833960161C670C73007241D9 /* ATCMainWindow.m */ = {isa = PBXFileReference; fileEncoding = 4; lastKnownFileType = sourcecode.c.objc; path = ATCMainWindow.m; sourceTree = "<group>"; };
		833960181C670CBB007241D9 /* ATCMainWindowController.h */ = {isa = PBXFileReference; fileEncoding = 4; lastKnownFileType = sourcecode.c.h; path = ATCMainWindowController.h; sourceTree = "<group>"; };
		833960191C670CBB007241D9 /* ATCMainWindowController.m */ = {isa = PBXFileReference; fileEncoding = 4; lastKnownFileType = sourcecode.c.objc; path = ATCMainWindowController.m; sourceTree = "<group>"; };
		8339601B1C670D96007241D9 /* ATCMainContentView.h */ = {isa = PBXFileReference; fileEncoding = 4; lastKnownFileType = sourcecode.c.h; path = ATCMainContentView.h; sourceTree = "<group>"; };
		8339601C1C670D96007241D9 /* ATCMainContentView.m */ = {isa = PBXFileReference; fileEncoding = 4; lastKnownFileType = sourcecode.c.objc; path = ATCMainContentView.m; sourceTree = "<group>"; };
		8373D85D1C671D7300A11E31 /* ALView+PureLayout.h */ = {isa = PBXFileReference; fileEncoding = 4; lastKnownFileType = sourcecode.c.h; path = "ALView+PureLayout.h"; sourceTree = "<group>"; };
		8373D85E1C671D7300A11E31 /* ALView+PureLayout.m */ = {isa = PBXFileReference; fileEncoding = 4; lastKnownFileType = sourcecode.c.objc; path = "ALView+PureLayout.m"; sourceTree = "<group>"; };
		8373D85F1C671D7300A11E31 /* NSArray+PureLayout.h */ = {isa = PBXFileReference; fileEncoding = 4; lastKnownFileType = sourcecode.c.h; path = "NSArray+PureLayout.h"; sourceTree = "<group>"; };
		8373D8601C671D7300A11E31 /* NSArray+PureLayout.m */ = {isa = PBXFileReference; fileEncoding = 4; lastKnownFileType = sourcecode.c.objc; path = "NSArray+PureLayout.m"; sourceTree = "<group>"; };
		8373D8611C671D7300A11E31 /* NSLayoutConstraint+PureLayout.h */ = {isa = PBXFileReference; fileEncoding = 4; lastKnownFileType = sourcecode.c.h; path = "NSLayoutConstraint+PureLayout.h"; sourceTree = "<group>"; };
		8373D8621C671D7300A11E31 /* NSLayoutConstraint+PureLayout.m */ = {isa = PBXFileReference; fileEncoding = 4; lastKnownFileType = sourcecode.c.objc; path = "NSLayoutConstraint+PureLayout.m"; sourceTree = "<group>"; };
		8373D8631C671D7300A11E31 /* PureLayout+Internal.h */ = {isa = PBXFileReference; fileEncoding = 4; lastKnownFileType = sourcecode.c.h; path = "PureLayout+Internal.h"; sourceTree = "<group>"; };
		8373D8641C671D7300A11E31 /* PureLayout.h */ = {isa = PBXFileReference; fileEncoding = 4; lastKnownFileType = sourcecode.c.h; path = PureLayout.h; sourceTree = "<group>"; };
		8373D8651C671D7300A11E31 /* PureLayoutDefines.h */ = {isa = PBXFileReference; fileEncoding = 4; lastKnownFileType = sourcecode.c.h; path = PureLayoutDefines.h; sourceTree = "<group>"; };
		8373D8691C671D9700A11E31 /* AuthenticatorPrefixHeader.pch */ = {isa = PBXFileReference; lastKnownFileType = sourcecode.c.h; path = AuthenticatorPrefixHeader.pch; sourceTree = "<group>"; };
		8373D8741C67494300A11E31 /* NSColor+ATCExtensions.m */ = {isa = PBXFileReference; fileEncoding = 4; lastKnownFileType = sourcecode.c.objc; path = "NSColor+ATCExtensions.m"; sourceTree = "<group>"; };
		8373D8751C67494300A11E31 /* NSColor+ATCExtensions.h */ = {isa = PBXFileReference; fileEncoding = 4; lastKnownFileType = sourcecode.c.h; path = "NSColor+ATCExtensions.h"; sourceTree = "<group>"; };
		8373D8761C67494300A11E31 /* NSBezierPath+ATCExtensions.m */ = {isa = PBXFileReference; fileEncoding = 4; lastKnownFileType = sourcecode.c.objc; path = "NSBezierPath+ATCExtensions.m"; sourceTree = "<group>"; };
		8373D8771C67494300A11E31 /* NSBezierPath+ATCExtensions.h */ = {isa = PBXFileReference; fileEncoding = 4; lastKnownFileType = sourcecode.c.h; path = "NSBezierPath+ATCExtensions.h"; sourceTree = "<group>"; };
		8373D8781C67494300A11E31 /* NSAffineTransform+ATCExtensions.m */ = {isa = PBXFileReference; fileEncoding = 4; lastKnownFileType = sourcecode.c.objc; path = "NSAffineTransform+ATCExtensions.m"; sourceTree = "<group>"; };
		8373D8791C67494300A11E31 /* NSAffineTransform+ATCExtensions.h */ = {isa = PBXFileReference; fileEncoding = 4; lastKnownFileType = sourcecode.c.h; path = "NSAffineTransform+ATCExtensions.h"; sourceTree = "<group>"; };
		8373D87D1C67537500A11E31 /* ATCOTPBadgeView.m */ = {isa = PBXFileReference; fileEncoding = 4; lastKnownFileType = sourcecode.c.objc; path = ATCOTPBadgeView.m; sourceTree = "<group>"; };
		8373D87E1C67537500A11E31 /* ATCOTPBadgeView.h */ = {isa = PBXFileReference; fileEncoding = 4; lastKnownFileType = sourcecode.c.h; path = ATCOTPBadgeView.h; sourceTree = "<group>"; };
		8373D8811C67548C00A11E31 /* aerogear-otp.ios-Prefix.pch */ = {isa = PBXFileReference; fileEncoding = 4; lastKnownFileType = sourcecode.c.h; path = "aerogear-otp.ios-Prefix.pch"; sourceTree = "<group>"; };
		8373D8831C67548C00A11E31 /* AeroGearOTP.h */ = {isa = PBXFileReference; fileEncoding = 4; lastKnownFileType = sourcecode.c.h; path = AeroGearOTP.h; sourceTree = "<group>"; };
		8373D8841C67548C00A11E31 /* AGBase32.h */ = {isa = PBXFileReference; fileEncoding = 4; lastKnownFileType = sourcecode.c.h; path = AGBase32.h; sourceTree = "<group>"; };
		8373D8851C67548C00A11E31 /* AGBase32.m */ = {isa = PBXFileReference; fileEncoding = 4; lastKnownFileType = sourcecode.c.objc; path = AGBase32.m; sourceTree = "<group>"; };
		8373D8861C67548C00A11E31 /* AGClock.h */ = {isa = PBXFileReference; fileEncoding = 4; lastKnownFileType = sourcecode.c.h; path = AGClock.h; sourceTree = "<group>"; };
		8373D8871C67548C00A11E31 /* AGClock.m */ = {isa = PBXFileReference; fileEncoding = 4; lastKnownFileType = sourcecode.c.objc; path = AGClock.m; sourceTree = "<group>"; };
		8373D8881C67548C00A11E31 /* AGOtp.h */ = {isa = PBXFileReference; fileEncoding = 4; lastKnownFileType = sourcecode.c.h; path = AGOtp.h; sourceTree = "<group>"; };
		8373D8891C67548C00A11E31 /* AGOtp.m */ = {isa = PBXFileReference; fileEncoding = 4; lastKnownFileType = sourcecode.c.objc; path = AGOtp.m; sourceTree = "<group>"; };
		8373D88A1C67548C00A11E31 /* AGStringEncoding.h */ = {isa = PBXFileReference; fileEncoding = 4; lastKnownFileType = sourcecode.c.h; path = AGStringEncoding.h; sourceTree = "<group>"; };
		8373D88B1C67548C00A11E31 /* AGStringEncoding.m */ = {isa = PBXFileReference; fileEncoding = 4; lastKnownFileType = sourcecode.c.objc; path = AGStringEncoding.m; sourceTree = "<group>"; };
		8373D88C1C67548C00A11E31 /* AGTotp.h */ = {isa = PBXFileReference; fileEncoding = 4; lastKnownFileType = sourcecode.c.h; path = AGTotp.h; sourceTree = "<group>"; };
		8373D88D1C67548C00A11E31 /* AGTotp.m */ = {isa = PBXFileReference; fileEncoding = 4; lastKnownFileType = sourcecode.c.objc; path = AGTotp.m; sourceTree = "<group>"; };
		8373D8B31C697D4D00A11E31 /* ATCBeautifulWindow.h */ = {isa = PBXFileReference; fileEncoding = 4; lastKnownFileType = sourcecode.c.h; path = ATCBeautifulWindow.h; sourceTree = "<group>"; };
		8373D8B41C697D4D00A11E31 /* ATCBeautifulWindow.m */ = {isa = PBXFileReference; fileEncoding = 4; lastKnownFileType = sourcecode.c.objc; path = ATCBeautifulWindow.m; sourceTree = "<group>"; };
		8373D8B61C697D8D00A11E31 /* ATCSecretKeyManuallyInputWindow.h */ = {isa = PBXFileReference; fileEncoding = 4; lastKnownFileType = sourcecode.c.h; path = ATCSecretKeyManuallyInputWindow.h; sourceTree = "<group>"; };
		8373D8B71C697D8D00A11E31 /* ATCSecretKeyManuallyInputWindow.m */ = {isa = PBXFileReference; fileEncoding = 4; lastKnownFileType = sourcecode.c.objc; path = ATCSecretKeyManuallyInputWindow.m; sourceTree = "<group>"; };
		8373D8B91C697E0500A11E31 /* ATCBeautifulView.h */ = {isa = PBXFileReference; fileEncoding = 4; lastKnownFileType = sourcecode.c.h; path = ATCBeautifulView.h; sourceTree = "<group>"; };
		8373D8BA1C697E0500A11E31 /* ATCBeautifulView.m */ = {isa = PBXFileReference; fileEncoding = 4; lastKnownFileType = sourcecode.c.objc; path = ATCBeautifulView.m; sourceTree = "<group>"; };
		8373D8BC1C697E2600A11E31 /* ATCSecretKeyManuallyInputView.h */ = {isa = PBXFileReference; fileEncoding = 4; lastKnownFileType = sourcecode.c.h; path = ATCSecretKeyManuallyInputView.h; sourceTree = "<group>"; };
		8373D8BD1C697E2600A11E31 /* ATCSecretKeyManuallyInputView.m */ = {isa = PBXFileReference; fileEncoding = 4; lastKnownFileType = sourcecode.c.objc; path = ATCSecretKeyManuallyInputView.m; sourceTree = "<group>"; };
		8373D8BF1C69801900A11E31 /* ATCSecretKeyManuallyInputViewController.h */ = {isa = PBXFileReference; fileEncoding = 4; lastKnownFileType = sourcecode.c.h; path = ATCSecretKeyManuallyInputViewController.h; sourceTree = "<group>"; };
		8373D8C01C69801900A11E31 /* ATCSecretKeyManuallyInputViewController.m */ = {isa = PBXFileReference; fileEncoding = 4; lastKnownFileType = sourcecode.c.objc; path = ATCSecretKeyManuallyInputViewController.m; sourceTree = "<group>"; };
		8373D8C21C69805200A11E31 /* ATCSecretKeyManuallyInputWindowController.h */ = {isa = PBXFileReference; fileEncoding = 4; lastKnownFileType = sourcecode.c.h; path = ATCSecretKeyManuallyInputWindowController.h; sourceTree = "<group>"; };
		8373D8C31C69805200A11E31 /* ATCSecretKeyManuallyInputWindowController.m */ = {isa = PBXFileReference; fileEncoding = 4; lastKnownFileType = sourcecode.c.objc; path = ATCSecretKeyManuallyInputWindowController.m; sourceTree = "<group>"; };
		8373D8C51C6A322900A11E31 /* ATCConstants.h */ = {isa = PBXFileReference; fileEncoding = 4; lastKnownFileType = sourcecode.c.h; path = ATCConstants.h; sourceTree = "<group>"; };
		8373D8C61C6A322900A11E31 /* ATCConstants.m */ = {isa = PBXFileReference; fileEncoding = 4; lastKnownFileType = sourcecode.c.objc; path = ATCConstants.m; sourceTree = "<group>"; };
		83D34BF71C67145B007253E3 /* ATCOTPEntryTableCellView.h */ = {isa = PBXFileReference; fileEncoding = 4; lastKnownFileType = sourcecode.c.h; path = ATCOTPEntryTableCellView.h; sourceTree = "<group>"; };
		83D34BF81C67145B007253E3 /* ATCOTPEntryTableCellView.m */ = {isa = PBXFileReference; fileEncoding = 4; lastKnownFileType = sourcecode.c.objc; path = ATCOTPEntryTableCellView.m; sourceTree = "<group>"; };
		83D34BFA1C67148A007253E3 /* ATCTotpEntry.h */ = {isa = PBXFileReference; fileEncoding = 4; lastKnownFileType = sourcecode.c.h; path = ATCTotpEntry.h; sourceTree = "<group>"; };
		83D34BFB1C67148A007253E3 /* ATCTotpEntry.m */ = {isa = PBXFileReference; fileEncoding = 4; lastKnownFileType = sourcecode.c.objc; path = ATCTotpEntry.m; sourceTree = "<group>"; };
/* End PBXFileReference section */

/* Begin PBXFrameworksBuildPhase section */
		8324B1981C67073900153EC7 /* Frameworks */ = {
			isa = PBXFrameworksBuildPhase;
			buildActionMask = 2147483647;
			files = (
				831EC8A01C688830005DCD88 /* QuartzCore.framework in Frameworks */,
			);
			runOnlyForDeploymentPostprocessing = 0;
		};
		8324B1AE1C67073A00153EC7 /* Frameworks */ = {
			isa = PBXFrameworksBuildPhase;
			buildActionMask = 2147483647;
			files = (
			);
			runOnlyForDeploymentPostprocessing = 0;
		};
		8324B1B91C67073A00153EC7 /* Frameworks */ = {
			isa = PBXFrameworksBuildPhase;
			buildActionMask = 2147483647;
			files = (
			);
			runOnlyForDeploymentPostprocessing = 0;
		};
/* End PBXFrameworksBuildPhase section */

/* Begin PBXGroup section */
		8324B1921C67073900153EC7 = {
			isa = PBXGroup;
			children = (
				8324B19D1C67073900153EC7 /* Authenticator */,
				8373D85B1C671D6300A11E31 /* vendors */,
				8324B1B41C67073A00153EC7 /* AuthenticatorTests */,
				8324B1BF1C67073A00153EC7 /* AuthenticatorUITests */,
				8324B19C1C67073900153EC7 /* Products */,
			);
			sourceTree = "<group>";
		};
		8324B19C1C67073900153EC7 /* Products */ = {
			isa = PBXGroup;
			children = (
				8324B19B1C67073900153EC7 /* Authenticator.app */,
				8324B1B11C67073A00153EC7 /* AuthenticatorTests.xctest */,
				8324B1BC1C67073A00153EC7 /* AuthenticatorUITests.xctest */,
			);
			name = Products;
			sourceTree = "<group>";
		};
		8324B19D1C67073900153EC7 /* Authenticator */ = {
			isa = PBXGroup;
			children = (
				8339601E1C670E69007241D9 /* wysiwyg */,
				8373D8731C67491D00A11E31 /* extensions */,
				8373D8C51C6A322900A11E31 /* ATCConstants.h */,
				8373D8C61C6A322900A11E31 /* ATCConstants.m */,
				8324B19E1C67073900153EC7 /* ATCAppDelegate.h */,
				8324B19F1C67073900153EC7 /* ATCAppDelegate.m */,
				833960181C670CBB007241D9 /* ATCMainWindowController.h */,
				833960191C670CBB007241D9 /* ATCMainWindowController.m */,
				8373D8B91C697E0500A11E31 /* ATCBeautifulView.h */,
				8373D8BA1C697E0500A11E31 /* ATCBeautifulView.m */,
				8373D8B31C697D4D00A11E31 /* ATCBeautifulWindow.h */,
				8373D8B41C697D4D00A11E31 /* ATCBeautifulWindow.m */,
				833960151C670C73007241D9 /* ATCMainWindow.h */,
				833960161C670C73007241D9 /* ATCMainWindow.m */,
				8373D8C21C69805200A11E31 /* ATCSecretKeyManuallyInputWindowController.h */,
				8373D8C31C69805200A11E31 /* ATCSecretKeyManuallyInputWindowController.m */,
				8373D8B61C697D8D00A11E31 /* ATCSecretKeyManuallyInputWindow.h */,
				8373D8B71C697D8D00A11E31 /* ATCSecretKeyManuallyInputWindow.m */,
				8373D8BF1C69801900A11E31 /* ATCSecretKeyManuallyInputViewController.h */,
				8373D8C01C69801900A11E31 /* ATCSecretKeyManuallyInputViewController.m */,
				8373D8BC1C697E2600A11E31 /* ATCSecretKeyManuallyInputView.h */,
				8373D8BD1C697E2600A11E31 /* ATCSecretKeyManuallyInputView.m */,
				8324B1A41C67073900153EC7 /* ATCMainContentViewController.h */,
				8324B1A51C67073900153EC7 /* ATCMainContentViewController.m */,
				8339601B1C670D96007241D9 /* ATCMainContentView.h */,
				8339601C1C670D96007241D9 /* ATCMainContentView.m */,
				83D34BFA1C67148A007253E3 /* ATCTotpEntry.h */,
				83D34BFB1C67148A007253E3 /* ATCTotpEntry.m */,
				83D34BF71C67145B007253E3 /* ATCOTPEntryTableCellView.h */,
				83D34BF81C67145B007253E3 /* ATCOTPEntryTableCellView.m */,
				8373D87E1C67537500A11E31 /* ATCOTPBadgeView.h */,
				8373D87D1C67537500A11E31 /* ATCOTPBadgeView.m */,
				831EC89C1C688824005DCD88 /* ATCOTPDigitLayer.h */,
				831EC89D1C688824005DCD88 /* ATCOTPDigitLayer.m */,
				8324B1A11C67073900153EC7 /* Supporting Files */,
			);
			path = Authenticator;
			sourceTree = "<group>";
		};
		8324B1A11C67073900153EC7 /* Supporting Files */ = {
			isa = PBXGroup;
			children = (
				8373D8691C671D9700A11E31 /* AuthenticatorPrefixHeader.pch */,
				8324B1AC1C67073900153EC7 /* Info.plist */,
				8324B1A71C67073900153EC7 /* Assets.xcassets */,
				8324B1CE1C67074800153EC7 /* Authenticator.entitlements */,
				8324B1A21C67073900153EC7 /* main.m */,
			);
			name = "Supporting Files";
			sourceTree = "<group>";
		};
		8324B1B41C67073A00153EC7 /* AuthenticatorTests */ = {
			isa = PBXGroup;
			children = (
				8324B1B51C67073A00153EC7 /* AuthenticatorTests.m */,
				8324B1B71C67073A00153EC7 /* Info.plist */,
			);
			path = AuthenticatorTests;
			sourceTree = "<group>";
		};
		8324B1BF1C67073A00153EC7 /* AuthenticatorUITests */ = {
			isa = PBXGroup;
			children = (
				8324B1C01C67073A00153EC7 /* AuthenticatorUITests.m */,
				8324B1C21C67073A00153EC7 /* Info.plist */,
			);
			path = AuthenticatorUITests;
			sourceTree = "<group>";
		};
		8339601E1C670E69007241D9 /* wysiwyg */ = {
			isa = PBXGroup;
			children = (
				8324B1A91C67073900153EC7 /* ATCMain.storyboard */,
			);
			name = wysiwyg;
			sourceTree = "<group>";
		};
		8373D85B1C671D6300A11E31 /* vendors */ = {
			isa = PBXGroup;
			children = (
				831EC89F1C688830005DCD88 /* QuartzCore.framework */,
				8373D8801C67548C00A11E31 /* aerogear-otp.ios */,
				8373D85C1C671D7300A11E31 /* PureLayout */,
			);
			name = vendors;
			sourceTree = "<group>";
		};
		8373D85C1C671D7300A11E31 /* PureLayout */ = {
			isa = PBXGroup;
			children = (
				8373D85D1C671D7300A11E31 /* ALView+PureLayout.h */,
				8373D85E1C671D7300A11E31 /* ALView+PureLayout.m */,
				8373D85F1C671D7300A11E31 /* NSArray+PureLayout.h */,
				8373D8601C671D7300A11E31 /* NSArray+PureLayout.m */,
				8373D8611C671D7300A11E31 /* NSLayoutConstraint+PureLayout.h */,
				8373D8621C671D7300A11E31 /* NSLayoutConstraint+PureLayout.m */,
				8373D8631C671D7300A11E31 /* PureLayout+Internal.h */,
				8373D8641C671D7300A11E31 /* PureLayout.h */,
				8373D8651C671D7300A11E31 /* PureLayoutDefines.h */,
			);
			name = PureLayout;
			path = Authenticator/vendors/PureLayout/PureLayout/PureLayout;
			sourceTree = "<group>";
		};
		8373D8731C67491D00A11E31 /* extensions */ = {
			isa = PBXGroup;
			children = (
				8373D8741C67494300A11E31 /* NSColor+ATCExtensions.m */,
				8373D8751C67494300A11E31 /* NSColor+ATCExtensions.h */,
				8373D8761C67494300A11E31 /* NSBezierPath+ATCExtensions.m */,
				8373D8771C67494300A11E31 /* NSBezierPath+ATCExtensions.h */,
				8373D8781C67494300A11E31 /* NSAffineTransform+ATCExtensions.m */,
				8373D8791C67494300A11E31 /* NSAffineTransform+ATCExtensions.h */,
			);
			name = extensions;
			sourceTree = "<group>";
		};
		8373D8801C67548C00A11E31 /* aerogear-otp.ios */ = {
			isa = PBXGroup;
			children = (
				8373D8811C67548C00A11E31 /* aerogear-otp.ios-Prefix.pch */,
				8373D8821C67548C00A11E31 /* Classes */,
			);
			name = "aerogear-otp.ios";
			path = "Authenticator/vendors/aerogear-otp-ios/aerogear-otp.ios";
			sourceTree = "<group>";
		};
		8373D8821C67548C00A11E31 /* Classes */ = {
			isa = PBXGroup;
			children = (
				8373D8831C67548C00A11E31 /* AeroGearOTP.h */,
				8373D8841C67548C00A11E31 /* AGBase32.h */,
				8373D8851C67548C00A11E31 /* AGBase32.m */,
				8373D8861C67548C00A11E31 /* AGClock.h */,
				8373D8871C67548C00A11E31 /* AGClock.m */,
				8373D8881C67548C00A11E31 /* AGOtp.h */,
				8373D8891C67548C00A11E31 /* AGOtp.m */,
				8373D88A1C67548C00A11E31 /* AGStringEncoding.h */,
				8373D88B1C67548C00A11E31 /* AGStringEncoding.m */,
				8373D88C1C67548C00A11E31 /* AGTotp.h */,
				8373D88D1C67548C00A11E31 /* AGTotp.m */,
			);
			path = Classes;
			sourceTree = "<group>";
		};
/* End PBXGroup section */

/* Begin PBXNativeTarget section */
		8324B19A1C67073900153EC7 /* Authenticator */ = {
			isa = PBXNativeTarget;
			buildConfigurationList = 8324B1C51C67073A00153EC7 /* Build configuration list for PBXNativeTarget "Authenticator" */;
			buildPhases = (
				8324B1971C67073900153EC7 /* Sources */,
				8324B1981C67073900153EC7 /* Frameworks */,
				8324B1991C67073900153EC7 /* Resources */,
			);
			buildRules = (
			);
			dependencies = (
			);
			name = Authenticator;
			productName = Authenticator;
			productReference = 8324B19B1C67073900153EC7 /* Authenticator.app */;
			productType = "com.apple.product-type.application";
		};
		8324B1B01C67073A00153EC7 /* AuthenticatorTests */ = {
			isa = PBXNativeTarget;
			buildConfigurationList = 8324B1C81C67073A00153EC7 /* Build configuration list for PBXNativeTarget "AuthenticatorTests" */;
			buildPhases = (
				8324B1AD1C67073A00153EC7 /* Sources */,
				8324B1AE1C67073A00153EC7 /* Frameworks */,
				8324B1AF1C67073A00153EC7 /* Resources */,
			);
			buildRules = (
			);
			dependencies = (
				8324B1B31C67073A00153EC7 /* PBXTargetDependency */,
			);
			name = AuthenticatorTests;
			productName = AuthenticatorTests;
			productReference = 8324B1B11C67073A00153EC7 /* AuthenticatorTests.xctest */;
			productType = "com.apple.product-type.bundle.unit-test";
		};
		8324B1BB1C67073A00153EC7 /* AuthenticatorUITests */ = {
			isa = PBXNativeTarget;
			buildConfigurationList = 8324B1CB1C67073A00153EC7 /* Build configuration list for PBXNativeTarget "AuthenticatorUITests" */;
			buildPhases = (
				8324B1B81C67073A00153EC7 /* Sources */,
				8324B1B91C67073A00153EC7 /* Frameworks */,
				8324B1BA1C67073A00153EC7 /* Resources */,
			);
			buildRules = (
			);
			dependencies = (
				8324B1BE1C67073A00153EC7 /* PBXTargetDependency */,
			);
			name = AuthenticatorUITests;
			productName = AuthenticatorUITests;
			productReference = 8324B1BC1C67073A00153EC7 /* AuthenticatorUITests.xctest */;
			productType = "com.apple.product-type.bundle.ui-testing";
		};
/* End PBXNativeTarget section */

/* Begin PBXProject section */
		8324B1931C67073900153EC7 /* Project object */ = {
			isa = PBXProject;
			attributes = {
				LastUpgradeCheck = 0700;
				ORGANIZATIONNAME = "Tong Kuo";
				TargetAttributes = {
					8324B19A1C67073900153EC7 = {
						CreatedOnToolsVersion = 7.0;
						SystemCapabilities = {
							com.apple.Sandbox = {
								enabled = 1;
							};
						};
					};
					8324B1B01C67073A00153EC7 = {
						CreatedOnToolsVersion = 7.0;
						TestTargetID = 8324B19A1C67073900153EC7;
					};
					8324B1BB1C67073A00153EC7 = {
						CreatedOnToolsVersion = 7.0;
						TestTargetID = 8324B19A1C67073900153EC7;
					};
				};
			};
			buildConfigurationList = 8324B1961C67073900153EC7 /* Build configuration list for PBXProject "Authenticator" */;
			compatibilityVersion = "Xcode 3.2";
			developmentRegion = English;
			hasScannedForEncodings = 0;
			knownRegions = (
				en,
				Base,
			);
			mainGroup = 8324B1921C67073900153EC7;
			productRefGroup = 8324B19C1C67073900153EC7 /* Products */;
			projectDirPath = "";
			projectRoot = "";
			targets = (
				8324B19A1C67073900153EC7 /* Authenticator */,
				8324B1B01C67073A00153EC7 /* AuthenticatorTests */,
				8324B1BB1C67073A00153EC7 /* AuthenticatorUITests */,
			);
		};
/* End PBXProject section */

/* Begin PBXResourcesBuildPhase section */
		8324B1991C67073900153EC7 /* Resources */ = {
			isa = PBXResourcesBuildPhase;
			buildActionMask = 2147483647;
			files = (
				8324B1A81C67073900153EC7 /* Assets.xcassets in Resources */,
				8324B1AB1C67073900153EC7 /* ATCMain.storyboard in Resources */,
			);
			runOnlyForDeploymentPostprocessing = 0;
		};
		8324B1AF1C67073A00153EC7 /* Resources */ = {
			isa = PBXResourcesBuildPhase;
			buildActionMask = 2147483647;
			files = (
			);
			runOnlyForDeploymentPostprocessing = 0;
		};
		8324B1BA1C67073A00153EC7 /* Resources */ = {
			isa = PBXResourcesBuildPhase;
			buildActionMask = 2147483647;
			files = (
			);
			runOnlyForDeploymentPostprocessing = 0;
		};
/* End PBXResourcesBuildPhase section */

/* Begin PBXSourcesBuildPhase section */
		8324B1971C67073900153EC7 /* Sources */ = {
			isa = PBXSourcesBuildPhase;
			buildActionMask = 2147483647;
			files = (
				8373D8911C67548C00A11E31 /* AGStringEncoding.m in Sources */,
				8373D8BB1C697E0500A11E31 /* ATCBeautifulView.m in Sources */,
				831EC89E1C688824005DCD88 /* ATCOTPDigitLayer.m in Sources */,
				8324B1A61C67073900153EC7 /* ATCMainContentViewController.m in Sources */,
				8373D8BE1C697E2600A11E31 /* ATCSecretKeyManuallyInputView.m in Sources */,
				8373D8B81C697D8D00A11E31 /* ATCSecretKeyManuallyInputWindow.m in Sources */,
				8324B1A31C67073900153EC7 /* main.m in Sources */,
				8373D87A1C67494300A11E31 /* NSColor+ATCExtensions.m in Sources */,
				8339601A1C670CBB007241D9 /* ATCMainWindowController.m in Sources */,
				8373D87C1C67494300A11E31 /* NSAffineTransform+ATCExtensions.m in Sources */,
				8373D87F1C67537500A11E31 /* ATCOTPBadgeView.m in Sources */,
				8373D8661C671D7300A11E31 /* ALView+PureLayout.m in Sources */,
				8324B1A01C67073900153EC7 /* ATCAppDelegate.m in Sources */,
				8339601D1C670D96007241D9 /* ATCMainContentView.m in Sources */,
				8373D8901C67548C00A11E31 /* AGOtp.m in Sources */,
				8373D8B51C697D4D00A11E31 /* ATCBeautifulWindow.m in Sources */,
				8373D8671C671D7300A11E31 /* NSArray+PureLayout.m in Sources */,
				83D34BF91C67145B007253E3 /* ATCOTPEntryTableCellView.m in Sources */,
				83D34BFC1C67148A007253E3 /* ATCTotpEntry.m in Sources */,
				8373D8C11C69801900A11E31 /* ATCSecretKeyManuallyInputViewController.m in Sources */,
				833960171C670C73007241D9 /* ATCMainWindow.m in Sources */,
				8373D88E1C67548C00A11E31 /* AGBase32.m in Sources */,
				8373D8681C671D7300A11E31 /* NSLayoutConstraint+PureLayout.m in Sources */,
				8373D88F1C67548C00A11E31 /* AGClock.m in Sources */,
				8373D8921C67548C00A11E31 /* AGTotp.m in Sources */,
				8373D8C41C69805200A11E31 /* ATCSecretKeyManuallyInputWindowController.m in Sources */,
				8373D8C71C6A322900A11E31 /* ATCConstants.m in Sources */,
				8373D87B1C67494300A11E31 /* NSBezierPath+ATCExtensions.m in Sources */,
			);
			runOnlyForDeploymentPostprocessing = 0;
		};
		8324B1AD1C67073A00153EC7 /* Sources */ = {
			isa = PBXSourcesBuildPhase;
			buildActionMask = 2147483647;
			files = (
				8324B1B61C67073A00153EC7 /* AuthenticatorTests.m in Sources */,
			);
			runOnlyForDeploymentPostprocessing = 0;
		};
		8324B1B81C67073A00153EC7 /* Sources */ = {
			isa = PBXSourcesBuildPhase;
			buildActionMask = 2147483647;
			files = (
				8324B1C11C67073A00153EC7 /* AuthenticatorUITests.m in Sources */,
			);
			runOnlyForDeploymentPostprocessing = 0;
		};
/* End PBXSourcesBuildPhase section */

/* Begin PBXTargetDependency section */
		8324B1B31C67073A00153EC7 /* PBXTargetDependency */ = {
			isa = PBXTargetDependency;
			target = 8324B19A1C67073900153EC7 /* Authenticator */;
			targetProxy = 8324B1B21C67073A00153EC7 /* PBXContainerItemProxy */;
		};
		8324B1BE1C67073A00153EC7 /* PBXTargetDependency */ = {
			isa = PBXTargetDependency;
			target = 8324B19A1C67073900153EC7 /* Authenticator */;
			targetProxy = 8324B1BD1C67073A00153EC7 /* PBXContainerItemProxy */;
		};
/* End PBXTargetDependency section */

/* Begin PBXVariantGroup section */
		8324B1A91C67073900153EC7 /* ATCMain.storyboard */ = {
			isa = PBXVariantGroup;
			children = (
				8324B1AA1C67073900153EC7 /* Base */,
			);
			name = ATCMain.storyboard;
			sourceTree = "<group>";
		};
/* End PBXVariantGroup section */

/* Begin XCBuildConfiguration section */
		8324B1C31C67073A00153EC7 /* Debug */ = {
			isa = XCBuildConfiguration;
			buildSettings = {
				ALWAYS_SEARCH_USER_PATHS = NO;
				CLANG_CXX_LANGUAGE_STANDARD = "gnu++0x";
				CLANG_CXX_LIBRARY = "libc++";
				CLANG_ENABLE_MODULES = YES;
				CLANG_ENABLE_OBJC_ARC = YES;
				CLANG_WARN_BOOL_CONVERSION = YES;
				CLANG_WARN_CONSTANT_CONVERSION = YES;
				CLANG_WARN_DIRECT_OBJC_ISA_USAGE = YES_ERROR;
				CLANG_WARN_EMPTY_BODY = YES;
				CLANG_WARN_ENUM_CONVERSION = YES;
				CLANG_WARN_INT_CONVERSION = YES;
				CLANG_WARN_OBJC_ROOT_CLASS = YES_ERROR;
				CLANG_WARN_UNREACHABLE_CODE = YES;
				CLANG_WARN__DUPLICATE_METHOD_MATCH = YES;
				CODE_SIGN_IDENTITY = "-";
				COPY_PHASE_STRIP = NO;
				DEBUG_INFORMATION_FORMAT = dwarf;
				ENABLE_STRICT_OBJC_MSGSEND = YES;
				ENABLE_TESTABILITY = YES;
				GCC_C_LANGUAGE_STANDARD = gnu99;
				GCC_DYNAMIC_NO_PIC = NO;
				GCC_NO_COMMON_BLOCKS = YES;
				GCC_OPTIMIZATION_LEVEL = 0;
				GCC_PREPROCESSOR_DEFINITIONS = (
					"DEBUG=1",
					"$(inherited)",
				);
				GCC_WARN_64_TO_32_BIT_CONVERSION = YES;
				GCC_WARN_ABOUT_RETURN_TYPE = YES_ERROR;
				GCC_WARN_UNDECLARED_SELECTOR = YES;
				GCC_WARN_UNINITIALIZED_AUTOS = YES_AGGRESSIVE;
				GCC_WARN_UNUSED_FUNCTION = YES;
				GCC_WARN_UNUSED_VARIABLE = YES;
				MACOSX_DEPLOYMENT_TARGET = 10.10;
				MTL_ENABLE_DEBUG_INFO = YES;
				ONLY_ACTIVE_ARCH = YES;
				SDKROOT = macosx;
			};
			name = Debug;
		};
		8324B1C41C67073A00153EC7 /* Release */ = {
			isa = XCBuildConfiguration;
			buildSettings = {
				ALWAYS_SEARCH_USER_PATHS = NO;
				CLANG_CXX_LANGUAGE_STANDARD = "gnu++0x";
				CLANG_CXX_LIBRARY = "libc++";
				CLANG_ENABLE_MODULES = YES;
				CLANG_ENABLE_OBJC_ARC = YES;
				CLANG_WARN_BOOL_CONVERSION = YES;
				CLANG_WARN_CONSTANT_CONVERSION = YES;
				CLANG_WARN_DIRECT_OBJC_ISA_USAGE = YES_ERROR;
				CLANG_WARN_EMPTY_BODY = YES;
				CLANG_WARN_ENUM_CONVERSION = YES;
				CLANG_WARN_INT_CONVERSION = YES;
				CLANG_WARN_OBJC_ROOT_CLASS = YES_ERROR;
				CLANG_WARN_UNREACHABLE_CODE = YES;
				CLANG_WARN__DUPLICATE_METHOD_MATCH = YES;
				CODE_SIGN_IDENTITY = "-";
				COPY_PHASE_STRIP = NO;
				DEBUG_INFORMATION_FORMAT = "dwarf-with-dsym";
				ENABLE_NS_ASSERTIONS = NO;
				ENABLE_STRICT_OBJC_MSGSEND = YES;
				GCC_C_LANGUAGE_STANDARD = gnu99;
				GCC_NO_COMMON_BLOCKS = YES;
				GCC_WARN_64_TO_32_BIT_CONVERSION = YES;
				GCC_WARN_ABOUT_RETURN_TYPE = YES_ERROR;
				GCC_WARN_UNDECLARED_SELECTOR = YES;
				GCC_WARN_UNINITIALIZED_AUTOS = YES_AGGRESSIVE;
				GCC_WARN_UNUSED_FUNCTION = YES;
				GCC_WARN_UNUSED_VARIABLE = YES;
				MACOSX_DEPLOYMENT_TARGET = 10.10;
				MTL_ENABLE_DEBUG_INFO = NO;
				SDKROOT = macosx;
			};
			name = Release;
		};
		8324B1C61C67073A00153EC7 /* Debug */ = {
			isa = XCBuildConfiguration;
			buildSettings = {
				ASSETCATALOG_COMPILER_APPICON_NAME = AppIcon;
				CODE_SIGN_ENTITLEMENTS = Authenticator/Authenticator.entitlements;
				COMBINE_HIDPI_IMAGES = YES;
				GCC_PRECOMPILE_PREFIX_HEADER = YES;
				GCC_PREFIX_HEADER = Authenticator/AuthenticatorPrefixHeader.pch;
				INFOPLIST_FILE = Authenticator/Info.plist;
				LD_RUNPATH_SEARCH_PATHS = "$(inherited) @executable_path/../Frameworks";
				PRODUCT_BUNDLE_IDENTIFIER = home.bedroom.TongKuo.Authenticator;
				PRODUCT_NAME = "$(TARGET_NAME)";
			};
			name = Debug;
		};
		8324B1C71C67073A00153EC7 /* Release */ = {
			isa = XCBuildConfiguration;
			buildSettings = {
				ASSETCATALOG_COMPILER_APPICON_NAME = AppIcon;
				CODE_SIGN_ENTITLEMENTS = Authenticator/Authenticator.entitlements;
				COMBINE_HIDPI_IMAGES = YES;
				GCC_PRECOMPILE_PREFIX_HEADER = YES;
				GCC_PREFIX_HEADER = Authenticator/AuthenticatorPrefixHeader.pch;
				INFOPLIST_FILE = Authenticator/Info.plist;
				LD_RUNPATH_SEARCH_PATHS = "$(inherited) @executable_path/../Frameworks";
				PRODUCT_BUNDLE_IDENTIFIER = home.bedroom.TongKuo.Authenticator;
				PRODUCT_NAME = "$(TARGET_NAME)";
			};
			name = Release;
		};
		8324B1C91C67073A00153EC7 /* Debug */ = {
			isa = XCBuildConfiguration;
			buildSettings = {
				BUNDLE_LOADER = "$(TEST_HOST)";
				COMBINE_HIDPI_IMAGES = YES;
				INFOPLIST_FILE = AuthenticatorTests/Info.plist;
				LD_RUNPATH_SEARCH_PATHS = "$(inherited) @executable_path/../Frameworks @loader_path/../Frameworks";
				PRODUCT_BUNDLE_IDENTIFIER = home.bedroom.TongKuo.AuthenticatorTests;
				PRODUCT_NAME = "$(TARGET_NAME)";
				TEST_HOST = "$(BUILT_PRODUCTS_DIR)/Authenticator.app/Contents/MacOS/Authenticator";
			};
			name = Debug;
		};
		8324B1CA1C67073A00153EC7 /* Release */ = {
			isa = XCBuildConfiguration;
			buildSettings = {
				BUNDLE_LOADER = "$(TEST_HOST)";
				COMBINE_HIDPI_IMAGES = YES;
				INFOPLIST_FILE = AuthenticatorTests/Info.plist;
				LD_RUNPATH_SEARCH_PATHS = "$(inherited) @executable_path/../Frameworks @loader_path/../Frameworks";
				PRODUCT_BUNDLE_IDENTIFIER = home.bedroom.TongKuo.AuthenticatorTests;
				PRODUCT_NAME = "$(TARGET_NAME)";
				TEST_HOST = "$(BUILT_PRODUCTS_DIR)/Authenticator.app/Contents/MacOS/Authenticator";
			};
			name = Release;
		};
		8324B1CC1C67073A00153EC7 /* Debug */ = {
			isa = XCBuildConfiguration;
			buildSettings = {
				COMBINE_HIDPI_IMAGES = YES;
				INFOPLIST_FILE = AuthenticatorUITests/Info.plist;
				LD_RUNPATH_SEARCH_PATHS = "$(inherited) @executable_path/../Frameworks @loader_path/../Frameworks";
				PRODUCT_BUNDLE_IDENTIFIER = home.bedroom.TongKuo.AuthenticatorUITests;
				PRODUCT_NAME = "$(TARGET_NAME)";
				TEST_TARGET_NAME = Authenticator;
				USES_XCTRUNNER = YES;
			};
			name = Debug;
		};
		8324B1CD1C67073A00153EC7 /* Release */ = {
			isa = XCBuildConfiguration;
			buildSettings = {
				COMBINE_HIDPI_IMAGES = YES;
				INFOPLIST_FILE = AuthenticatorUITests/Info.plist;
				LD_RUNPATH_SEARCH_PATHS = "$(inherited) @executable_path/../Frameworks @loader_path/../Frameworks";
				PRODUCT_BUNDLE_IDENTIFIER = home.bedroom.TongKuo.AuthenticatorUITests;
				PRODUCT_NAME = "$(TARGET_NAME)";
				TEST_TARGET_NAME = Authenticator;
				USES_XCTRUNNER = YES;
			};
			name = Release;
		};
/* End XCBuildConfiguration section */

/* Begin XCConfigurationList section */
		8324B1961C67073900153EC7 /* Build configuration list for PBXProject "Authenticator" */ = {
			isa = XCConfigurationList;
			buildConfigurations = (
				8324B1C31C67073A00153EC7 /* Debug */,
				8324B1C41C67073A00153EC7 /* Release */,
			);
			defaultConfigurationIsVisible = 0;
			defaultConfigurationName = Release;
		};
		8324B1C51C67073A00153EC7 /* Build configuration list for PBXNativeTarget "Authenticator" */ = {
			isa = XCConfigurationList;
			buildConfigurations = (
				8324B1C61C67073A00153EC7 /* Debug */,
				8324B1C71C67073A00153EC7 /* Release */,
			);
			defaultConfigurationIsVisible = 0;
			defaultConfigurationName = Release;
		};
		8324B1C81C67073A00153EC7 /* Build configuration list for PBXNativeTarget "AuthenticatorTests" */ = {
			isa = XCConfigurationList;
			buildConfigurations = (
				8324B1C91C67073A00153EC7 /* Debug */,
				8324B1CA1C67073A00153EC7 /* Release */,
			);
			defaultConfigurationIsVisible = 0;
			defaultConfigurationName = Release;
		};
		8324B1CB1C67073A00153EC7 /* Build configuration list for PBXNativeTarget "AuthenticatorUITests" */ = {
			isa = XCConfigurationList;
			buildConfigurations = (
				8324B1CC1C67073A00153EC7 /* Debug */,
				8324B1CD1C67073A00153EC7 /* Release */,
			);
			defaultConfigurationIsVisible = 0;
			defaultConfigurationName = Release;
		};
/* End XCConfigurationList section */
	};
	rootObject = 8324B1931C67073900153EC7 /* Project object */;
}
